../data/inference/Biliary-AdenoCA_signatures_20000_MROO.RData
../data/inference/Bladder-TCC_signatures_20000_MROO.RData
../data/inference/Bone-Benign_signatures_20000_MROO.RData
../data/inference/Bone-Epith_signatures_20000_MROO.RData
../data/inference/Bone-Osteosarc_signatures_20000_MROO.RData
../data/inference/Breast-AdenoCA_signatures_20000_MROO.RData
../data/inference/Breast-DCIS_signatures_20000_MROO.RData
../data/inference/Breast-LobularCA_signatures_20000_MROO.RData
../data/inference/CNS-GBM_signatures_20000_MROO.RData
../data/inference/CNS-Medullo_signatures_20000_MROO.RData
../data/inference/CNS-Oligo_signatures_20000_MROO.RData
../data/inference/CNS-PiloAstro_signatures_20000_MROO.RData
../data/inference/Cervix-AdenoCA_signatures_20000_MROO.RData
../data/inference/Cervix-SCC_signatures_20000_MROO.RData
../data/inference/ColoRect-AdenoCA_signatures_20000_MROO.RData
../data/inference/Eso-AdenoCA_signatures_20000_MROO.RData
../data/inference/Head-SCC_signatures_20000_MROO.RData
../data/inference/Kidney-ChRCC_signatures_20000_MROO.RData
../data/inference/Kidney-RCC.clearcell_signatures_20000_MROO.RData
../data/inference/Kidney-RCC.papillary_signatures_20000_MROO.RData
../data/inference/Liver-HCC_signatures_20000_MROO.RData
../data/inference/Lung-AdenoCA_signatures_20000_MROO.RData
../data/inference/Lung-SCC_signatures_20000_MROO.RData
../data/inference/Lymph-BNHL_signatures_20000_MROO.RData
../data/inference/Lymph-CLL_signatures_20000_MROO.RData
../data/inference/Myeloid-AML_signatures_20000_MROO.RData
../data/inference/Myeloid-MPN_signatures_20000_MROO.RData
../data/inference/Ovary-AdenoCA_signatures_20000_MROO.RData
../data/inference/Panc-AdenoCA_signatures_20000_MROO.RData
../data/inference/Panc-Endocrine_signatures_20000_MROO.RData
../data/inference/Prost-AdenoCA_signatures_20000_MROO.RData
../data/inference/Skin-Melanoma.acral_signatures_20000_MROO.RData
../data/inference/Skin-Melanoma.cutaneous_signatures_20000_MROO.RData
../data/inference/Skin-Melanoma.mucosal_signatures_20000_MROO.RData
../data/inference/SoftTissue-Leiomyo_signatures_20000_MROO.RData
../data/inference/SoftTissue-Liposarc_signatures_20000_MROO.RData
../data/inference/Stomach-AdenoCA_signatures_20000_MROO.RData
../data/inference/Thy-AdenoCA_signatures_20000_MROO.RData
../data/inference/Uterus-AdenoCA_signatures_20000_MROO.RData
../data/roo/Biliary-AdenoCA_signatures_ROO.RDS
../data/roo/Bladder-TCC_signatures_ROO.RDS
../data/roo/Bone-Benign_signatures_ROO.RDS
../data/roo/Bone-Epith_signatures_ROO.RDS
../data/roo/Bone-Osteosarc_signatures_ROO.RDS
../data/roo/Breast-AdenoCA_signatures_ROO.RDS
../data/roo/Breast-DCIS_signatures_ROO.RDS
../data/roo/Breast-LobularCA_signatures_ROO.RDS
../data/roo/CNS-GBM_signatures_ROO.RDS
../data/roo/CNS-Medullo_signatures_ROO.RDS
../data/roo/CNS-Oligo_signatures_ROO.RDS
../data/roo/CNS-PiloAstro_signatures_ROO.RDS
../data/roo/Cervix-AdenoCA_signatures_ROO.RDS
../data/roo/Cervix-SCC_signatures_ROO.RDS
../data/roo/ColoRect-AdenoCA_signatures_ROO.RDS
../data/roo/Eso-AdenoCA_signatures_ROO.RDS
../data/roo/Head-SCC_signatures_ROO.RDS
../data/roo/Kidney-ChRCC_signatures_ROO.RDS
../data/roo/Kidney-RCC.clearcell_signatures_ROO.RDS
../data/roo/Kidney-RCC.papillary_signatures_ROO.RDS
../data/roo/Liver-HCC_signatures_ROO.RDS
../data/roo/Lung-AdenoCA_signatures_ROO.RDS
../data/roo/Lung-SCC_signatures_ROO.RDS
../data/roo/Lymph-BNHL_signatures_ROO.RDS
../data/roo/Lymph-CLL_signatures_ROO.RDS
../data/roo/Myeloid-AML_signatures_ROO.RDS
../data/roo/Myeloid-MPN_signatures_ROO.RDS
../data/roo/Ovary-AdenoCA_signatures_ROO.RDS
../data/roo/Panc-AdenoCA_signatures_ROO.RDS
../data/roo/Panc-Endocrine_signatures_ROO.RDS
../data/roo/Prost-AdenoCA_signatures_ROO.RDS
../data/roo/Skin-Melanoma.acral_signatures_ROO.RDS
../data/roo/Skin-Melanoma.cutaneous_signatures_ROO.RDS
../data/roo/Skin-Melanoma.mucosal_signatures_ROO.RDS
../data/roo/SoftTissue-Leiomyo_signatures_ROO.RDS
../data/roo/SoftTissue-Liposarc_signatures_ROO.RDS
../data/roo/Stomach-AdenoCA_signatures_ROO.RDS
../data/roo/Thy-AdenoCA_signatures_ROO.RDS
../data/roo/Uterus-AdenoCA_signatures_ROO.RDS
