../data/inference/Breast-AdenoCA_signatures_20000_MROO.RData
../data/inference/Breast-DCIS_signatures_20000_MROO.RData
../data/inference/CNS-Medullo_signatures_20000_MROO.RData
../data/inference/Eso-AdenoCA_signatures_20000_MROO.RData
../data/inference/Kidney-RCC.clearcell_signatures_20000_MROO.RData
../data/inference/Liver-HCC_signatures_20000_MROO.RData
../data/inference/Lymph-BNHL_signatures_20000_MROO.RData
../data/inference/Ovary-AdenoCA_signatures_20000_MROO.RData
../data/inference/Panc-AdenoCA_signatures_20000_MROO.RData
../data/inference/Panc-Endocrine_signatures_20000_MROO.RData
../data/inference/Prost-AdenoCA_signatures_20000_MROO.RData
../data/inference/Skin-Melanoma.mucosal_signatures_20000_MROO.RData
