../data/inference/Breast-DCIS_signatures_15000_LNMROO.RData
../data/inference/CNS-Medullo_signatures_15000_LNMROO.RData
../data/inference/Eso-AdenoCA_signatures_15000_LNMROO.RData
../data/inference/Liver-HCC_signatures_15000_LNMROO.RData
../data/inference/Prost-AdenoCA_signatures_15000_LNMROO.RData
../data/inference/Skin-Melanoma.mucosal_signatures_15000_LNMROO.RData
