../data/assessing_models_simulation/summaries_synthetic_DA/GenerationMixturefewersignaturespairedPCAWG.RDS
../data/assessing_models_simulation/summaries_synthetic_DA/GenerationMixturefewersignaturespairedstomachPCAWG.RDS
../data/assessing_models_simulation/summaries_synthetic_DA/GenerationMixturefewersignaturespairedKidneyRCCPCAWG.RDS
