../data/assessing_models_simulation/inference_results/20200625_n10_nlambda30_d3_beta_intensity0_Nits2000_ModelLNMROO.RData
../data/assessing_models_simulation/inference_results/20200625_n10_nlambda30_d3_beta_intensity0.02_Nits2000_ModelLNMROO.RData
../data/assessing_models_simulation/inference_results/20200625_n10_nlambda30_d3_beta_intensity0.1_Nits2000_ModelLNMROO.RData
../data/assessing_models_simulation/inference_results/20200625_n10_nlambda30_d3_beta_intensity1_Nits2000_ModelLNMROO.RData
../data/assessing_models_simulation/inference_results/20200625_n10_nlambda30_d3_beta_intensity2.5_Nits2000_ModelLNMROO.RData
../data/assessing_models_simulation/inference_results/20200625_n10_nlambda30_d7_beta_intensity0_Nits2000_ModelLNMROO.RData
../data/assessing_models_simulation/inference_results/20200625_n10_nlambda30_d7_beta_intensity0.02_Nits2000_ModelLNMROO.RData
../data/assessing_models_simulation/inference_results/20200625_n10_nlambda30_d7_beta_intensity0.1_Nits2000_ModelLNMROO.RData
../data/assessing_models_simulation/inference_results/20200625_n10_nlambda30_d7_beta_intensity1_Nits2000_ModelLNMROO.RData
../data/assessing_models_simulation/inference_results/20200625_n10_nlambda30_d7_beta_intensity2.5_Nits2000_ModelLNMROO.RData
../data/assessing_models_simulation/inference_results/20200625_n10_nlambda100_d3_beta_intensity0_Nits2000_ModelLNMROO.RData
../data/assessing_models_simulation/inference_results/20200625_n10_nlambda100_d3_beta_intensity0.02_Nits2000_ModelLNMROO.RData
../data/assessing_models_simulation/inference_results/20200625_n10_nlambda100_d3_beta_intensity0.1_Nits2000_ModelLNMROO.RData
../data/assessing_models_simulation/inference_results/20200625_n10_nlambda100_d3_beta_intensity1_Nits2000_ModelLNMROO.RData
../data/assessing_models_simulation/inference_results/20200625_n10_nlambda100_d3_beta_intensity2.5_Nits2000_ModelLNMROO.RData
../data/assessing_models_simulation/inference_results/20200625_n10_nlambda100_d7_beta_intensity0_Nits2000_ModelLNMROO.RData
../data/assessing_models_simulation/inference_results/20200625_n10_nlambda100_d7_beta_intensity0.02_Nits2000_ModelLNMROO.RData
../data/assessing_models_simulation/inference_results/20200625_n10_nlambda100_d7_beta_intensity0.1_Nits2000_ModelLNMROO.RData
../data/assessing_models_simulation/inference_results/20200625_n10_nlambda100_d7_beta_intensity1_Nits2000_ModelLNMROO.RData
../data/assessing_models_simulation/inference_results/20200625_n10_nlambda100_d7_beta_intensity2.5_Nits2000_ModelLNMROO.RData
../data/assessing_models_simulation/inference_results/20200625_n10_nlambda300_d3_beta_intensity0_Nits2000_ModelLNMROO.RData
../data/assessing_models_simulation/inference_results/20200625_n10_nlambda300_d3_beta_intensity0.02_Nits2000_ModelLNMROO.RData
../data/assessing_models_simulation/inference_results/20200625_n10_nlambda300_d3_beta_intensity0.1_Nits2000_ModelLNMROO.RData
../data/assessing_models_simulation/inference_results/20200625_n10_nlambda300_d3_beta_intensity1_Nits2000_ModelLNMROO.RData
../data/assessing_models_simulation/inference_results/20200625_n10_nlambda300_d3_beta_intensity2.5_Nits2000_ModelLNMROO.RData
../data/assessing_models_simulation/inference_results/20200625_n10_nlambda300_d7_beta_intensity0_Nits2000_ModelLNMROO.RData
../data/assessing_models_simulation/inference_results/20200625_n10_nlambda300_d7_beta_intensity0.02_Nits2000_ModelLNMROO.RData
../data/assessing_models_simulation/inference_results/20200625_n10_nlambda300_d7_beta_intensity0.1_Nits2000_ModelLNMROO.RData
../data/assessing_models_simulation/inference_results/20200625_n10_nlambda300_d7_beta_intensity1_Nits2000_ModelLNMROO.RData
../data/assessing_models_simulation/inference_results/20200625_n10_nlambda300_d7_beta_intensity2.5_Nits2000_ModelLNMROO.RData
../data/assessing_models_simulation/inference_results/20200625_n20_nlambda30_d3_beta_intensity0_Nits2000_ModelLNMROO.RData
../data/assessing_models_simulation/inference_results/20200625_n20_nlambda30_d3_beta_intensity0.02_Nits2000_ModelLNMROO.RData
../data/assessing_models_simulation/inference_results/20200625_n20_nlambda30_d3_beta_intensity0.1_Nits2000_ModelLNMROO.RData
../data/assessing_models_simulation/inference_results/20200625_n20_nlambda30_d3_beta_intensity1_Nits2000_ModelLNMROO.RData
../data/assessing_models_simulation/inference_results/20200625_n20_nlambda30_d3_beta_intensity2.5_Nits2000_ModelLNMROO.RData
../data/assessing_models_simulation/inference_results/20200625_n20_nlambda30_d7_beta_intensity0_Nits2000_ModelLNMROO.RData
../data/assessing_models_simulation/inference_results/20200625_n20_nlambda30_d7_beta_intensity0.02_Nits2000_ModelLNMROO.RData
../data/assessing_models_simulation/inference_results/20200625_n20_nlambda30_d7_beta_intensity0.1_Nits2000_ModelLNMROO.RData
../data/assessing_models_simulation/inference_results/20200625_n20_nlambda30_d7_beta_intensity1_Nits2000_ModelLNMROO.RData
../data/assessing_models_simulation/inference_results/20200625_n20_nlambda30_d7_beta_intensity2.5_Nits2000_ModelLNMROO.RData
../data/assessing_models_simulation/inference_results/20200625_n20_nlambda100_d3_beta_intensity0_Nits2000_ModelLNMROO.RData
../data/assessing_models_simulation/inference_results/20200625_n20_nlambda100_d3_beta_intensity0.02_Nits2000_ModelLNMROO.RData
../data/assessing_models_simulation/inference_results/20200625_n20_nlambda100_d3_beta_intensity0.1_Nits2000_ModelLNMROO.RData
../data/assessing_models_simulation/inference_results/20200625_n20_nlambda100_d3_beta_intensity1_Nits2000_ModelLNMROO.RData
../data/assessing_models_simulation/inference_results/20200625_n20_nlambda100_d3_beta_intensity2.5_Nits2000_ModelLNMROO.RData
../data/assessing_models_simulation/inference_results/20200625_n20_nlambda100_d7_beta_intensity0_Nits2000_ModelLNMROO.RData
../data/assessing_models_simulation/inference_results/20200625_n20_nlambda100_d7_beta_intensity0.02_Nits2000_ModelLNMROO.RData
../data/assessing_models_simulation/inference_results/20200625_n20_nlambda100_d7_beta_intensity0.1_Nits2000_ModelLNMROO.RData
../data/assessing_models_simulation/inference_results/20200625_n20_nlambda100_d7_beta_intensity1_Nits2000_ModelLNMROO.RData
../data/assessing_models_simulation/inference_results/20200625_n20_nlambda100_d7_beta_intensity2.5_Nits2000_ModelLNMROO.RData
../data/assessing_models_simulation/inference_results/20200625_n20_nlambda300_d3_beta_intensity0_Nits2000_ModelLNMROO.RData
../data/assessing_models_simulation/inference_results/20200625_n20_nlambda300_d3_beta_intensity0.02_Nits2000_ModelLNMROO.RData
../data/assessing_models_simulation/inference_results/20200625_n20_nlambda300_d3_beta_intensity0.1_Nits2000_ModelLNMROO.RData
../data/assessing_models_simulation/inference_results/20200625_n20_nlambda300_d3_beta_intensity1_Nits2000_ModelLNMROO.RData
../data/assessing_models_simulation/inference_results/20200625_n20_nlambda300_d3_beta_intensity2.5_Nits2000_ModelLNMROO.RData
../data/assessing_models_simulation/inference_results/20200625_n20_nlambda300_d7_beta_intensity0_Nits2000_ModelLNMROO.RData
../data/assessing_models_simulation/inference_results/20200625_n20_nlambda300_d7_beta_intensity0.02_Nits2000_ModelLNMROO.RData
../data/assessing_models_simulation/inference_results/20200625_n20_nlambda300_d7_beta_intensity0.1_Nits2000_ModelLNMROO.RData
../data/assessing_models_simulation/inference_results/20200625_n20_nlambda300_d7_beta_intensity1_Nits2000_ModelLNMROO.RData
../data/assessing_models_simulation/inference_results/20200625_n20_nlambda300_d7_beta_intensity2.5_Nits2000_ModelLNMROO.RData
../data/assessing_models_simulation/inference_results/20200625_n50_nlambda30_d3_beta_intensity0_Nits2000_ModelLNMROO.RData
../data/assessing_models_simulation/inference_results/20200625_n50_nlambda30_d3_beta_intensity0.02_Nits2000_ModelLNMROO.RData
../data/assessing_models_simulation/inference_results/20200625_n50_nlambda30_d3_beta_intensity0.1_Nits2000_ModelLNMROO.RData
../data/assessing_models_simulation/inference_results/20200625_n50_nlambda30_d3_beta_intensity1_Nits2000_ModelLNMROO.RData
../data/assessing_models_simulation/inference_results/20200625_n50_nlambda30_d3_beta_intensity2.5_Nits2000_ModelLNMROO.RData
../data/assessing_models_simulation/inference_results/20200625_n50_nlambda30_d7_beta_intensity0_Nits2000_ModelLNMROO.RData
../data/assessing_models_simulation/inference_results/20200625_n50_nlambda30_d7_beta_intensity0.02_Nits2000_ModelLNMROO.RData
../data/assessing_models_simulation/inference_results/20200625_n50_nlambda30_d7_beta_intensity0.1_Nits2000_ModelLNMROO.RData
../data/assessing_models_simulation/inference_results/20200625_n50_nlambda30_d7_beta_intensity1_Nits2000_ModelLNMROO.RData
../data/assessing_models_simulation/inference_results/20200625_n50_nlambda30_d7_beta_intensity2.5_Nits2000_ModelLNMROO.RData
../data/assessing_models_simulation/inference_results/20200625_n50_nlambda100_d3_beta_intensity0_Nits2000_ModelLNMROO.RData
../data/assessing_models_simulation/inference_results/20200625_n50_nlambda100_d3_beta_intensity0.02_Nits2000_ModelLNMROO.RData
../data/assessing_models_simulation/inference_results/20200625_n50_nlambda100_d3_beta_intensity0.1_Nits2000_ModelLNMROO.RData
../data/assessing_models_simulation/inference_results/20200625_n50_nlambda100_d3_beta_intensity1_Nits2000_ModelLNMROO.RData
../data/assessing_models_simulation/inference_results/20200625_n50_nlambda100_d3_beta_intensity2.5_Nits2000_ModelLNMROO.RData
../data/assessing_models_simulation/inference_results/20200625_n50_nlambda100_d7_beta_intensity0_Nits2000_ModelLNMROO.RData
../data/assessing_models_simulation/inference_results/20200625_n50_nlambda100_d7_beta_intensity0.02_Nits2000_ModelLNMROO.RData
../data/assessing_models_simulation/inference_results/20200625_n50_nlambda100_d7_beta_intensity0.1_Nits2000_ModelLNMROO.RData
../data/assessing_models_simulation/inference_results/20200625_n50_nlambda100_d7_beta_intensity1_Nits2000_ModelLNMROO.RData
../data/assessing_models_simulation/inference_results/20200625_n50_nlambda100_d7_beta_intensity2.5_Nits2000_ModelLNMROO.RData
../data/assessing_models_simulation/inference_results/20200625_n50_nlambda300_d3_beta_intensity0_Nits2000_ModelLNMROO.RData
../data/assessing_models_simulation/inference_results/20200625_n50_nlambda300_d3_beta_intensity0.02_Nits2000_ModelLNMROO.RData
../data/assessing_models_simulation/inference_results/20200625_n50_nlambda300_d3_beta_intensity0.1_Nits2000_ModelLNMROO.RData
../data/assessing_models_simulation/inference_results/20200625_n50_nlambda300_d3_beta_intensity1_Nits2000_ModelLNMROO.RData
../data/assessing_models_simulation/inference_results/20200625_n50_nlambda300_d3_beta_intensity2.5_Nits2000_ModelLNMROO.RData
../data/assessing_models_simulation/inference_results/20200625_n50_nlambda300_d7_beta_intensity0_Nits2000_ModelLNMROO.RData
../data/assessing_models_simulation/inference_results/20200625_n50_nlambda300_d7_beta_intensity0.02_Nits2000_ModelLNMROO.RData
../data/assessing_models_simulation/inference_results/20200625_n50_nlambda300_d7_beta_intensity0.1_Nits2000_ModelLNMROO.RData
../data/assessing_models_simulation/inference_results/20200625_n50_nlambda300_d7_beta_intensity1_Nits2000_ModelLNMROO.RData
../data/assessing_models_simulation/inference_results/20200625_n50_nlambda300_d7_beta_intensity2.5_Nits2000_ModelLNMROO.RData
../data/assessing_models_simulation/inference_results/20200625_n100_nlambda30_d3_beta_intensity0_Nits2000_ModelLNMROO.RData
../data/assessing_models_simulation/inference_results/20200625_n100_nlambda30_d3_beta_intensity0.02_Nits2000_ModelLNMROO.RData
../data/assessing_models_simulation/inference_results/20200625_n100_nlambda30_d3_beta_intensity0.1_Nits2000_ModelLNMROO.RData
../data/assessing_models_simulation/inference_results/20200625_n100_nlambda30_d3_beta_intensity1_Nits2000_ModelLNMROO.RData
../data/assessing_models_simulation/inference_results/20200625_n100_nlambda30_d3_beta_intensity2.5_Nits2000_ModelLNMROO.RData
../data/assessing_models_simulation/inference_results/20200625_n100_nlambda30_d7_beta_intensity0_Nits2000_ModelLNMROO.RData
../data/assessing_models_simulation/inference_results/20200625_n100_nlambda30_d7_beta_intensity0.02_Nits2000_ModelLNMROO.RData
../data/assessing_models_simulation/inference_results/20200625_n100_nlambda30_d7_beta_intensity0.1_Nits2000_ModelLNMROO.RData
../data/assessing_models_simulation/inference_results/20200625_n100_nlambda30_d7_beta_intensity1_Nits2000_ModelLNMROO.RData
../data/assessing_models_simulation/inference_results/20200625_n100_nlambda30_d7_beta_intensity2.5_Nits2000_ModelLNMROO.RData
../data/assessing_models_simulation/inference_results/20200625_n100_nlambda100_d3_beta_intensity0_Nits2000_ModelLNMROO.RData
../data/assessing_models_simulation/inference_results/20200625_n100_nlambda100_d3_beta_intensity0.02_Nits2000_ModelLNMROO.RData
../data/assessing_models_simulation/inference_results/20200625_n100_nlambda100_d3_beta_intensity0.1_Nits2000_ModelLNMROO.RData
../data/assessing_models_simulation/inference_results/20200625_n100_nlambda100_d3_beta_intensity1_Nits2000_ModelLNMROO.RData
../data/assessing_models_simulation/inference_results/20200625_n100_nlambda100_d3_beta_intensity2.5_Nits2000_ModelLNMROO.RData
../data/assessing_models_simulation/inference_results/20200625_n100_nlambda100_d7_beta_intensity0_Nits2000_ModelLNMROO.RData
../data/assessing_models_simulation/inference_results/20200625_n100_nlambda100_d7_beta_intensity0.02_Nits2000_ModelLNMROO.RData
../data/assessing_models_simulation/inference_results/20200625_n100_nlambda100_d7_beta_intensity0.1_Nits2000_ModelLNMROO.RData
../data/assessing_models_simulation/inference_results/20200625_n100_nlambda100_d7_beta_intensity1_Nits2000_ModelLNMROO.RData
../data/assessing_models_simulation/inference_results/20200625_n100_nlambda100_d7_beta_intensity2.5_Nits2000_ModelLNMROO.RData
../data/assessing_models_simulation/inference_results/20200625_n100_nlambda300_d3_beta_intensity0_Nits2000_ModelLNMROO.RData
../data/assessing_models_simulation/inference_results/20200625_n100_nlambda300_d3_beta_intensity0.02_Nits2000_ModelLNMROO.RData
../data/assessing_models_simulation/inference_results/20200625_n100_nlambda300_d3_beta_intensity0.1_Nits2000_ModelLNMROO.RData
../data/assessing_models_simulation/inference_results/20200625_n100_nlambda300_d3_beta_intensity1_Nits2000_ModelLNMROO.RData
../data/assessing_models_simulation/inference_results/20200625_n100_nlambda300_d3_beta_intensity2.5_Nits2000_ModelLNMROO.RData
../data/assessing_models_simulation/inference_results/20200625_n100_nlambda300_d7_beta_intensity0_Nits2000_ModelLNMROO.RData
../data/assessing_models_simulation/inference_results/20200625_n100_nlambda300_d7_beta_intensity0.02_Nits2000_ModelLNMROO.RData
../data/assessing_models_simulation/inference_results/20200625_n100_nlambda300_d7_beta_intensity0.1_Nits2000_ModelLNMROO.RData
../data/assessing_models_simulation/inference_results/20200625_n100_nlambda300_d7_beta_intensity1_Nits2000_ModelLNMROO.RData
../data/assessing_models_simulation/inference_results/20200625_n100_nlambda300_d7_beta_intensity2.5_Nits2000_ModelLNMROO.RData
../data/assessing_models_simulation/inference_results/20200625_n200_nlambda30_d3_beta_intensity0_Nits2000_ModelLNMROO.RData
../data/assessing_models_simulation/inference_results/20200625_n200_nlambda30_d3_beta_intensity0.02_Nits2000_ModelLNMROO.RData
../data/assessing_models_simulation/inference_results/20200625_n200_nlambda30_d3_beta_intensity0.1_Nits2000_ModelLNMROO.RData
../data/assessing_models_simulation/inference_results/20200625_n200_nlambda30_d3_beta_intensity1_Nits2000_ModelLNMROO.RData
../data/assessing_models_simulation/inference_results/20200625_n200_nlambda30_d3_beta_intensity2.5_Nits2000_ModelLNMROO.RData
../data/assessing_models_simulation/inference_results/20200625_n200_nlambda30_d7_beta_intensity0_Nits2000_ModelLNMROO.RData
../data/assessing_models_simulation/inference_results/20200625_n200_nlambda30_d7_beta_intensity0.02_Nits2000_ModelLNMROO.RData
../data/assessing_models_simulation/inference_results/20200625_n200_nlambda30_d7_beta_intensity0.1_Nits2000_ModelLNMROO.RData
../data/assessing_models_simulation/inference_results/20200625_n200_nlambda30_d7_beta_intensity1_Nits2000_ModelLNMROO.RData
../data/assessing_models_simulation/inference_results/20200625_n200_nlambda30_d7_beta_intensity2.5_Nits2000_ModelLNMROO.RData
../data/assessing_models_simulation/inference_results/20200625_n200_nlambda100_d3_beta_intensity0_Nits2000_ModelLNMROO.RData
../data/assessing_models_simulation/inference_results/20200625_n200_nlambda100_d3_beta_intensity0.02_Nits2000_ModelLNMROO.RData
../data/assessing_models_simulation/inference_results/20200625_n200_nlambda100_d3_beta_intensity0.1_Nits2000_ModelLNMROO.RData
../data/assessing_models_simulation/inference_results/20200625_n200_nlambda100_d3_beta_intensity1_Nits2000_ModelLNMROO.RData
../data/assessing_models_simulation/inference_results/20200625_n200_nlambda100_d3_beta_intensity2.5_Nits2000_ModelLNMROO.RData
../data/assessing_models_simulation/inference_results/20200625_n200_nlambda100_d7_beta_intensity0_Nits2000_ModelLNMROO.RData
../data/assessing_models_simulation/inference_results/20200625_n200_nlambda100_d7_beta_intensity0.02_Nits2000_ModelLNMROO.RData
../data/assessing_models_simulation/inference_results/20200625_n200_nlambda100_d7_beta_intensity1_Nits2000_ModelLNMROO.RData
../data/assessing_models_simulation/inference_results/20200625_n200_nlambda100_d7_beta_intensity2.5_Nits2000_ModelLNMROO.RData
../data/assessing_models_simulation/inference_results/20200625_n200_nlambda300_d3_beta_intensity0_Nits2000_ModelLNMROO.RData
../data/assessing_models_simulation/inference_results/20200625_n200_nlambda300_d3_beta_intensity0.02_Nits2000_ModelLNMROO.RData
../data/assessing_models_simulation/inference_results/20200625_n200_nlambda300_d3_beta_intensity0.1_Nits2000_ModelLNMROO.RData
../data/assessing_models_simulation/inference_results/20200625_n200_nlambda300_d3_beta_intensity1_Nits2000_ModelLNMROO.RData
../data/assessing_models_simulation/inference_results/20200625_n200_nlambda300_d3_beta_intensity2.5_Nits2000_ModelLNMROO.RData
../data/assessing_models_simulation/inference_results/20200625_n200_nlambda300_d7_beta_intensity0_Nits2000_ModelLNMROO.RData
../data/assessing_models_simulation/inference_results/20200625_n200_nlambda300_d7_beta_intensity0.02_Nits2000_ModelLNMROO.RData
../data/assessing_models_simulation/inference_results/20200625_n200_nlambda300_d7_beta_intensity0.1_Nits2000_ModelLNMROO.RData
=======
../data/inference/Biliary-AdenoCA_signatures_15000_MROO.RData
../data/inference/Bladder-TCC_signatures_15000_MROO.RData
../data/inference/Bone-Benign_signatures_15000_MROO.RData
../data/inference/Bone-Epith_signatures_15000_MROO.RData
../data/inference/Breast-DCIS_signatures_15000_MROO.RData
../data/inference/Breast-LobularCA_signatures_15000_MROO.RData
../data/inference/CNS-Oligo_signatures_15000_MROO.RData
../data/inference/Cervix-AdenoCA_signatures_15000_MROO.RData
../data/inference/Cervix-SCC_signatures_15000_MROO.RData
../data/inference/Liver-HCC_signatures_15000_MROO.RData
../data/inference/Lung-AdenoCA_signatures_15000_MROO.RData
../data/inference/Myeloid-AML_signatures_15000_MROO.RData
../data/inference/Myeloid-MPN_signatures_15000_MROO.RData
../data/inference/Prost-AdenoCA_signatures_15000_MROO.RData
../data/inference/Skin-Melanoma.acral_signatures_15000_MROO.RData
../data/inference/Skin-Melanoma.mucosal_signatures_15000_MROO.RData
../data/inference/SoftTissue-Leiomyo_signatures_15000_MROO.RData
../data/inference/SoftTissue-Liposarc_signatures_15000_MROO.RData
../data/inference/Biliary-AdenoCA_nucleotidesubstitution1_15000_MROO.RData
../data/inference/Bladder-TCC_nucleotidesubstitution1_15000_MROO.RData
../data/inference/Bone-Benign_nucleotidesubstitution1_15000_MROO.RData
../data/inference/Bone-Epith_nucleotidesubstitution1_15000_MROO.RData
../data/inference/Bone-Osteosarc_nucleotidesubstitution1_15000_MROO.RData
../data/inference/Breast-AdenoCA_nucleotidesubstitution1_15000_MROO.RData
../data/inference/Breast-DCIS_nucleotidesubstitution1_15000_MROO.RData
../data/inference/Breast-LobularCA_nucleotidesubstitution1_15000_MROO.RData
../data/inference/CNS-GBM_nucleotidesubstitution1_15000_MROO.RData
../data/inference/CNS-Medullo_nucleotidesubstitution1_15000_MROO.RData
../data/inference/CNS-Oligo_nucleotidesubstitution1_15000_MROO.RData
../data/inference/CNS-PiloAstro_nucleotidesubstitution1_15000_MROO.RData
../data/inference/Cervix-AdenoCA_nucleotidesubstitution1_15000_MROO.RData
../data/inference/Cervix-SCC_nucleotidesubstitution1_15000_MROO.RData
../data/inference/ColoRect-AdenoCA_nucleotidesubstitution1_15000_MROO.RData
../data/inference/Eso-AdenoCA_nucleotidesubstitution1_15000_MROO.RData
../data/inference/Head-SCC_nucleotidesubstitution1_15000_MROO.RData
../data/inference/Kidney-ChRCC_nucleotidesubstitution1_15000_MROO.RData
../data/inference/Kidney-RCC.clearcell_nucleotidesubstitution1_15000_MROO.RData
../data/inference/Kidney-RCC.papillary_nucleotidesubstitution1_15000_MROO.RData
../data/inference/Liver-HCC_nucleotidesubstitution1_15000_MROO.RData
../data/inference/Lung-AdenoCA_nucleotidesubstitution1_15000_MROO.RData
../data/inference/Lung-SCC_nucleotidesubstitution1_15000_MROO.RData
../data/inference/Lymph-BNHL_nucleotidesubstitution1_15000_MROO.RData
../data/inference/Lymph-CLL_nucleotidesubstitution1_15000_MROO.RData
../data/inference/Myeloid-AML_nucleotidesubstitution1_15000_MROO.RData
../data/inference/Myeloid-MPN_nucleotidesubstitution1_15000_MROO.RData
../data/inference/Ovary-AdenoCA_nucleotidesubstitution1_15000_MROO.RData
../data/inference/Panc-AdenoCA_nucleotidesubstitution1_15000_MROO.RData
../data/inference/Panc-Endocrine_nucleotidesubstitution1_15000_MROO.RData
../data/inference/Prost-AdenoCA_nucleotidesubstitution1_15000_MROO.RData
../data/inference/Skin-Melanoma.acral_nucleotidesubstitution1_15000_MROO.RData
../data/inference/Skin-Melanoma.cutaneous_nucleotidesubstitution1_15000_MROO.RData
../data/inference/Skin-Melanoma.mucosal_nucleotidesubstitution1_15000_MROO.RData
../data/inference/SoftTissue-Leiomyo_nucleotidesubstitution1_15000_MROO.RData
../data/inference/SoftTissue-Liposarc_nucleotidesubstitution1_15000_MROO.RData
../data/inference/Stomach-AdenoCA_nucleotidesubstitution1_15000_MROO.RData
../data/inference/Thy-AdenoCA_nucleotidesubstitution1_15000_MROO.RData
../data/inference/Uterus-AdenoCA_nucleotidesubstitution1_15000_MROO.RData
../data/inference/Biliary-AdenoCA_nucleotidesubstitution3_15000_MROO.RData
../data/inference/Bladder-TCC_nucleotidesubstitution3_15000_MROO.RData
../data/inference/Bone-Benign_nucleotidesubstitution3_15000_MROO.RData
../data/inference/Bone-Epith_nucleotidesubstitution3_15000_MROO.RData
../data/inference/Bone-Osteosarc_nucleotidesubstitution3_15000_MROO.RData
../data/inference/Breast-AdenoCA_nucleotidesubstitution3_15000_MROO.RData
../data/inference/Breast-DCIS_nucleotidesubstitution3_15000_MROO.RData
../data/inference/Breast-LobularCA_nucleotidesubstitution3_15000_MROO.RData
../data/inference/CNS-GBM_nucleotidesubstitution3_15000_MROO.RData
../data/inference/CNS-Medullo_nucleotidesubstitution3_15000_MROO.RData
../data/inference/CNS-Oligo_nucleotidesubstitution3_15000_MROO.RData
../data/inference/CNS-PiloAstro_nucleotidesubstitution3_15000_MROO.RData
../data/inference/Cervix-AdenoCA_nucleotidesubstitution3_15000_MROO.RData
../data/inference/Cervix-SCC_nucleotidesubstitution3_15000_MROO.RData
../data/inference/ColoRect-AdenoCA_nucleotidesubstitution3_15000_MROO.RData
../data/inference/Eso-AdenoCA_nucleotidesubstitution3_15000_MROO.RData
../data/inference/Head-SCC_nucleotidesubstitution3_15000_MROO.RData
../data/inference/Kidney-ChRCC_nucleotidesubstitution3_15000_MROO.RData
../data/inference/Kidney-RCC.clearcell_nucleotidesubstitution3_15000_MROO.RData
../data/inference/Kidney-RCC.papillary_nucleotidesubstitution3_15000_MROO.RData
../data/inference/Liver-HCC_nucleotidesubstitution3_15000_MROO.RData
../data/inference/Lung-AdenoCA_nucleotidesubstitution3_15000_MROO.RData
../data/inference/Lung-SCC_nucleotidesubstitution3_15000_MROO.RData
../data/inference/Lymph-BNHL_nucleotidesubstitution3_15000_MROO.RData
../data/inference/Lymph-CLL_nucleotidesubstitution3_15000_MROO.RData
../data/inference/Myeloid-AML_nucleotidesubstitution3_15000_MROO.RData
../data/inference/Myeloid-MPN_nucleotidesubstitution3_15000_MROO.RData
../data/inference/Ovary-AdenoCA_nucleotidesubstitution3_15000_MROO.RData
../data/inference/Panc-AdenoCA_nucleotidesubstitution3_15000_MROO.RData
../data/inference/Panc-Endocrine_nucleotidesubstitution3_15000_MROO.RData
../data/inference/Prost-AdenoCA_nucleotidesubstitution3_15000_MROO.RData
../data/inference/Skin-Melanoma.acral_nucleotidesubstitution3_15000_MROO.RData
../data/inference/Skin-Melanoma.cutaneous_nucleotidesubstitution3_15000_MROO.RData
../data/inference/Skin-Melanoma.mucosal_nucleotidesubstitution3_15000_MROO.RData
../data/inference/SoftTissue-Leiomyo_nucleotidesubstitution3_15000_MROO.RData
../data/inference/SoftTissue-Liposarc_nucleotidesubstitution3_15000_MROO.RData
../data/inference/Stomach-AdenoCA_nucleotidesubstitution3_15000_MROO.RData
../data/inference/Thy-AdenoCA_nucleotidesubstitution3_15000_MROO.RData
../data/inference/Uterus-AdenoCA_nucleotidesubstitution3_15000_MROO.RData
