../data/assessing_models_simulation/inference_results/TMB/multiple_GenerationCnorm_80_180_9_6_0_diagREDM_betaintercept1_betaslope1_it0.RDS
../data/assessing_models_simulation/inference_results/TMB/multiple_GenerationCnorm_80_180_9_6_0_diagREDM_betaintercept1_betaslope1_it1.RDS
../data/assessing_models_simulation/inference_results/TMB/multiple_GenerationCnorm_80_180_9_6_0_diagREDM_betaintercept1_betaslope1_it2.RDS
../data/assessing_models_simulation/inference_results/TMB/multiple_GenerationCnorm_80_180_9_6_0_diagREDM_betaintercept1_betaslope1_it3.RDS
../data/assessing_models_simulation/inference_results/TMB/multiple_GenerationCnorm_80_180_9_6_0_diagREDM_betaintercept1_betaslope1_it4.RDS
../data/assessing_models_simulation/inference_results/TMB/multiple_GenerationCnorm_80_180_9_6_0_diagREDM_betaintercept1_betaslope1_it5.RDS
../data/assessing_models_simulation/inference_results/TMB/multiple_GenerationCnorm_80_180_9_6_0_diagREDM_betaintercept1_betaslope1_it6.RDS
../data/assessing_models_simulation/inference_results/TMB/multiple_GenerationCnorm_80_180_9_6_0_diagREDM_betaintercept1_betaslope1_it7.RDS
../data/assessing_models_simulation/inference_results/TMB/multiple_GenerationCnorm_80_180_9_6_0_diagREDM_betaintercept1_betaslope1_it8.RDS
../data/assessing_models_simulation/inference_results/TMB/multiple_GenerationCnorm_80_180_9_6_0_diagREDM_betaintercept1_betaslope1_it9.RDS
../data/assessing_models_simulation/inference_results/TMB/multiple_GenerationCnorm_80_180_9_6_0_diagREDM_betaintercept1_betaslope1_it10.RDS
../data/assessing_models_simulation/inference_results/TMB/multiple_GenerationCnorm_80_180_9_6_0_diagREDM_betaintercept1_betaslope1_it11.RDS
../data/assessing_models_simulation/inference_results/TMB/multiple_GenerationCnorm_80_180_9_6_0_diagREDM_betaintercept1_betaslope1_it12.RDS
../data/assessing_models_simulation/inference_results/TMB/multiple_GenerationCnorm_80_180_9_6_0_diagREDM_betaintercept1_betaslope1_it13.RDS
../data/assessing_models_simulation/inference_results/TMB/multiple_GenerationCnorm_80_180_9_6_0_diagREDM_betaintercept1_betaslope1_it14.RDS
../data/assessing_models_simulation/inference_results/TMB/multiple_GenerationCnorm_80_180_9_6_0_diagREDM_betaintercept1_betaslope1_it15.RDS
../data/assessing_models_simulation/inference_results/TMB/multiple_GenerationCnorm_80_180_9_6_0_diagREDM_betaintercept1_betaslope1_it16.RDS
../data/assessing_models_simulation/inference_results/TMB/multiple_GenerationCnorm_80_180_9_6_0_diagREDM_betaintercept1_betaslope1_it17.RDS
../data/assessing_models_simulation/inference_results/TMB/multiple_GenerationCnorm_80_180_9_6_0_diagREDM_betaintercept1_betaslope1_it18.RDS
../data/assessing_models_simulation/inference_results/TMB/multiple_GenerationCnorm_80_180_9_6_0_diagREDM_betaintercept1_betaslope1_it19.RDS
../data/assessing_models_simulation/inference_results/TMB/multiple_GenerationCnorm_80_180_9_6_0_diagREDM_betaintercept1_betaslope1_it20.RDS
../data/assessing_models_simulation/inference_results/TMB/multiple_GenerationCnorm_80_180_9_6_0_diagREDM_betaintercept1_betaslope1_it21.RDS
../data/assessing_models_simulation/inference_results/TMB/multiple_GenerationCnorm_80_180_9_6_0_diagREDM_betaintercept1_betaslope1_it22.RDS
../data/assessing_models_simulation/inference_results/TMB/multiple_GenerationCnorm_80_180_9_6_0_diagREDM_betaintercept1_betaslope1_it23.RDS
../data/assessing_models_simulation/inference_results/TMB/multiple_GenerationCnorm_80_180_9_6_0_diagREDM_betaintercept1_betaslope1_it24.RDS
../data/assessing_models_simulation/inference_results/TMB/multiple_GenerationCnorm_80_180_9_6_0_diagREDM_betaintercept1_betaslope1_it25.RDS
../data/assessing_models_simulation/inference_results/TMB/multiple_GenerationCnorm_80_180_9_6_0_diagREDM_betaintercept1_betaslope1_it26.RDS
../data/assessing_models_simulation/inference_results/TMB/multiple_GenerationCnorm_80_180_9_6_0_diagREDM_betaintercept1_betaslope1_it27.RDS
../data/assessing_models_simulation/inference_results/TMB/multiple_GenerationCnorm_80_180_9_6_0_diagREDM_betaintercept1_betaslope1_it28.RDS
../data/assessing_models_simulation/inference_results/TMB/multiple_GenerationCnorm_80_180_9_6_0_diagREDM_betaintercept1_betaslope1_it29.RDS
../data/assessing_models_simulation/inference_results/TMB/multiple_GenerationCnorm_80_180_9_6_0_diagREDM_betaintercept1_betaslope1_it30.RDS
../data/assessing_models_simulation/inference_results/TMB/multiple_GenerationCnorm_80_180_9_6_0_diagREDM_betaintercept1_betaslope1_it31.RDS
../data/assessing_models_simulation/inference_results/TMB/multiple_GenerationCnorm_80_180_9_6_0_diagREDM_betaintercept1_betaslope1_it32.RDS
../data/assessing_models_simulation/inference_results/TMB/multiple_GenerationCnorm_80_180_9_6_0_diagREDM_betaintercept1_betaslope1_it33.RDS
../data/assessing_models_simulation/inference_results/TMB/multiple_GenerationCnorm_80_180_9_6_0_diagREDM_betaintercept1_betaslope1_it34.RDS
../data/assessing_models_simulation/inference_results/TMB/multiple_GenerationCnorm_80_180_9_6_0_diagREDM_betaintercept1_betaslope1_it35.RDS
../data/assessing_models_simulation/inference_results/TMB/multiple_GenerationCnorm_80_180_9_6_0_diagREDM_betaintercept1_betaslope1_it36.RDS
../data/assessing_models_simulation/inference_results/TMB/multiple_GenerationCnorm_80_180_9_6_0_diagREDM_betaintercept1_betaslope1_it37.RDS
../data/assessing_models_simulation/inference_results/TMB/multiple_GenerationCnorm_80_180_9_6_0_diagREDM_betaintercept1_betaslope1_it38.RDS
../data/assessing_models_simulation/inference_results/TMB/multiple_GenerationCnorm_80_180_9_6_0_diagREDM_betaintercept1_betaslope1_it39.RDS
../data/assessing_models_simulation/inference_results/TMB/multiple_GenerationCnorm_80_180_9_6_0_diagREDM_betaintercept1_betaslope1_it40.RDS
../data/assessing_models_simulation/inference_results/TMB/multiple_GenerationCnorm_80_180_9_6_0_diagREDM_betaintercept1_betaslope1_it41.RDS
../data/assessing_models_simulation/inference_results/TMB/multiple_GenerationCnorm_80_180_9_6_0_diagREDM_betaintercept1_betaslope1_it42.RDS
../data/assessing_models_simulation/inference_results/TMB/multiple_GenerationCnorm_80_180_9_6_0_diagREDM_betaintercept1_betaslope1_it43.RDS
../data/assessing_models_simulation/inference_results/TMB/multiple_GenerationCnorm_80_180_9_6_0_diagREDM_betaintercept1_betaslope1_it44.RDS
../data/assessing_models_simulation/inference_results/TMB/multiple_GenerationCnorm_80_180_9_6_0_diagREDM_betaintercept1_betaslope1_it45.RDS
../data/assessing_models_simulation/inference_results/TMB/multiple_GenerationCnorm_80_180_9_6_0_diagREDM_betaintercept1_betaslope1_it46.RDS
../data/assessing_models_simulation/inference_results/TMB/multiple_GenerationCnorm_80_180_9_6_0_diagREDM_betaintercept1_betaslope1_it47.RDS
../data/assessing_models_simulation/inference_results/TMB/multiple_GenerationCnorm_80_180_9_6_0_diagREDM_betaintercept1_betaslope1_it48.RDS
../data/assessing_models_simulation/inference_results/TMB/multiple_GenerationCnorm_80_180_9_6_0_diagREDM_betaintercept1_betaslope1_it49.RDS
../data/assessing_models_simulation/inference_results/TMB/multiple_GenerationCnorm_80_180_9_6_0_diagREDM_betaintercept1_betaslope1_it50.RDS
../data/assessing_models_simulation/inference_results/TMB/multiple_GenerationCnorm_80_180_9_6_0_diagREDM_betaintercept1_betaslope1_it51.RDS
../data/assessing_models_simulation/inference_results/TMB/multiple_GenerationCnorm_80_180_9_6_0_diagREDM_betaintercept1_betaslope1_it52.RDS
../data/assessing_models_simulation/inference_results/TMB/multiple_GenerationCnorm_80_180_9_6_0_diagREDM_betaintercept1_betaslope1_it53.RDS
../data/assessing_models_simulation/inference_results/TMB/multiple_GenerationCnorm_80_180_9_6_0_diagREDM_betaintercept1_betaslope1_it54.RDS
../data/assessing_models_simulation/inference_results/TMB/multiple_GenerationCnorm_80_180_9_6_0_diagREDM_betaintercept1_betaslope1_it55.RDS
../data/assessing_models_simulation/inference_results/TMB/multiple_GenerationCnorm_80_180_9_6_0_diagREDM_betaintercept1_betaslope1_it56.RDS
../data/assessing_models_simulation/inference_results/TMB/multiple_GenerationCnorm_80_180_9_6_0_diagREDM_betaintercept1_betaslope1_it57.RDS
../data/assessing_models_simulation/inference_results/TMB/multiple_GenerationCnorm_80_180_9_6_0_diagREDM_betaintercept1_betaslope1_it58.RDS
../data/assessing_models_simulation/inference_results/TMB/multiple_GenerationCnorm_80_180_9_6_0_diagREDM_betaintercept1_betaslope1_it59.RDS
../data/assessing_models_simulation/inference_results/TMB/multiple_GenerationCnorm_80_180_9_6_0_diagREDM_betaintercept1_betaslope1_it60.RDS
../data/assessing_models_simulation/inference_results/TMB/multiple_GenerationCnorm_80_180_9_6_0_diagREDM_betaintercept1_betaslope1_it61.RDS
../data/assessing_models_simulation/inference_results/TMB/multiple_GenerationCnorm_80_180_9_6_0_diagREDM_betaintercept1_betaslope1_it62.RDS
../data/assessing_models_simulation/inference_results/TMB/multiple_GenerationCnorm_80_180_9_6_0_diagREDM_betaintercept1_betaslope1_it63.RDS
../data/assessing_models_simulation/inference_results/TMB/multiple_GenerationCnorm_80_180_9_6_0_diagREDM_betaintercept1_betaslope1_it64.RDS
../data/assessing_models_simulation/inference_results/TMB/multiple_GenerationCnorm_80_180_9_6_0_diagREDM_betaintercept1_betaslope1_it65.RDS
../data/assessing_models_simulation/inference_results/TMB/multiple_GenerationCnorm_80_180_9_6_0_diagREDM_betaintercept1_betaslope1_it66.RDS
../data/assessing_models_simulation/inference_results/TMB/multiple_GenerationCnorm_80_180_9_6_0_diagREDM_betaintercept1_betaslope1_it67.RDS
../data/assessing_models_simulation/inference_results/TMB/multiple_GenerationCnorm_80_180_9_6_0_diagREDM_betaintercept1_betaslope1_it68.RDS
../data/assessing_models_simulation/inference_results/TMB/multiple_GenerationCnorm_80_180_9_6_0_diagREDM_betaintercept1_betaslope1_it69.RDS
../data/assessing_models_simulation/inference_results/TMB/multiple_GenerationCnorm_80_180_9_6_0_diagREDM_betaintercept1_betaslope1_it70.RDS
../data/assessing_models_simulation/inference_results/TMB/multiple_GenerationCnorm_80_180_9_6_0_diagREDM_betaintercept1_betaslope1_it71.RDS
../data/assessing_models_simulation/inference_results/TMB/multiple_GenerationCnorm_80_180_9_6_0_diagREDM_betaintercept1_betaslope1_it72.RDS
../data/assessing_models_simulation/inference_results/TMB/multiple_GenerationCnorm_80_180_9_6_0_diagREDM_betaintercept1_betaslope1_it73.RDS
../data/assessing_models_simulation/inference_results/TMB/multiple_GenerationCnorm_80_180_9_6_0_diagREDM_betaintercept1_betaslope1_it74.RDS
../data/assessing_models_simulation/inference_results/TMB/multiple_GenerationCnorm_80_180_9_6_0_diagREDM_betaintercept1_betaslope1_it75.RDS
../data/assessing_models_simulation/inference_results/TMB/multiple_GenerationCnorm_80_180_9_6_0_diagREDM_betaintercept1_betaslope1_it76.RDS
../data/assessing_models_simulation/inference_results/TMB/multiple_GenerationCnorm_80_180_9_6_0_diagREDM_betaintercept1_betaslope1_it77.RDS
../data/assessing_models_simulation/inference_results/TMB/multiple_GenerationCnorm_80_180_9_6_0_diagREDM_betaintercept1_betaslope1_it78.RDS
../data/assessing_models_simulation/inference_results/TMB/multiple_GenerationCnorm_80_180_9_6_0_diagREDM_betaintercept1_betaslope1_it79.RDS
../data/assessing_models_simulation/inference_results/TMB/multiple_GenerationCnorm_80_180_9_6_0_diagREDM_betaintercept1_betaslope1_it80.RDS
../data/assessing_models_simulation/inference_results/TMB/multiple_GenerationCnorm_80_180_9_6_0_diagREDM_betaintercept1_betaslope1_it81.RDS
../data/assessing_models_simulation/inference_results/TMB/multiple_GenerationCnorm_80_180_9_6_0_diagREDM_betaintercept1_betaslope1_it82.RDS
../data/assessing_models_simulation/inference_results/TMB/multiple_GenerationCnorm_80_180_9_6_0_diagREDM_betaintercept1_betaslope1_it83.RDS
../data/assessing_models_simulation/inference_results/TMB/multiple_GenerationCnorm_80_180_9_6_0_diagREDM_betaintercept1_betaslope1_it84.RDS
../data/assessing_models_simulation/inference_results/TMB/multiple_GenerationCnorm_80_180_9_6_0_diagREDM_betaintercept1_betaslope1_it85.RDS
../data/assessing_models_simulation/inference_results/TMB/multiple_GenerationCnorm_80_180_9_6_0_diagREDM_betaintercept1_betaslope1_it86.RDS
../data/assessing_models_simulation/inference_results/TMB/multiple_GenerationCnorm_80_180_9_6_0_diagREDM_betaintercept1_betaslope1_it87.RDS
../data/assessing_models_simulation/inference_results/TMB/multiple_GenerationCnorm_80_180_9_6_0_diagREDM_betaintercept1_betaslope1_it88.RDS
../data/assessing_models_simulation/inference_results/TMB/multiple_GenerationCnorm_80_180_9_6_0_diagREDM_betaintercept1_betaslope1_it89.RDS
../data/assessing_models_simulation/inference_results/TMB/multiple_GenerationCnorm_80_180_9_6_0_diagREDM_betaintercept1_betaslope1_it90.RDS
../data/assessing_models_simulation/inference_results/TMB/multiple_GenerationCnorm_80_180_9_6_0_diagREDM_betaintercept1_betaslope1_it91.RDS
../data/assessing_models_simulation/inference_results/TMB/multiple_GenerationCnorm_80_180_9_6_0_diagREDM_betaintercept1_betaslope1_it92.RDS
../data/assessing_models_simulation/inference_results/TMB/multiple_GenerationCnorm_80_180_9_6_0_diagREDM_betaintercept1_betaslope1_it93.RDS
../data/assessing_models_simulation/inference_results/TMB/multiple_GenerationCnorm_80_180_9_6_0_diagREDM_betaintercept1_betaslope1_it94.RDS
../data/assessing_models_simulation/inference_results/TMB/multiple_GenerationCnorm_80_180_9_6_0_diagREDM_betaintercept1_betaslope1_it95.RDS
../data/assessing_models_simulation/inference_results/TMB/multiple_GenerationCnorm_80_180_9_6_0_diagREDM_betaintercept1_betaslope1_it96.RDS
../data/assessing_models_simulation/inference_results/TMB/multiple_GenerationCnorm_80_180_9_6_0_diagREDM_betaintercept1_betaslope1_it97.RDS
../data/assessing_models_simulation/inference_results/TMB/multiple_GenerationCnorm_80_180_9_6_0_diagREDM_betaintercept1_betaslope1_it98.RDS
../data/assessing_models_simulation/inference_results/TMB/multiple_GenerationCnorm_80_180_9_6_0_diagREDM_betaintercept1_betaslope1_it99.RDS
../data/assessing_models_simulation/datasets/multiple_GenerationCnorm_80_180_9_6_0_betaintercept1_betaslope1_dataset0.RDS
../data/assessing_models_simulation/datasets/multiple_GenerationCnorm_80_180_9_6_0_betaintercept1_betaslope1_dataset1.RDS
../data/assessing_models_simulation/datasets/multiple_GenerationCnorm_80_180_9_6_0_betaintercept1_betaslope1_dataset2.RDS
../data/assessing_models_simulation/datasets/multiple_GenerationCnorm_80_180_9_6_0_betaintercept1_betaslope1_dataset3.RDS
../data/assessing_models_simulation/datasets/multiple_GenerationCnorm_80_180_9_6_0_betaintercept1_betaslope1_dataset4.RDS
../data/assessing_models_simulation/datasets/multiple_GenerationCnorm_80_180_9_6_0_betaintercept1_betaslope1_dataset5.RDS
../data/assessing_models_simulation/datasets/multiple_GenerationCnorm_80_180_9_6_0_betaintercept1_betaslope1_dataset6.RDS
../data/assessing_models_simulation/datasets/multiple_GenerationCnorm_80_180_9_6_0_betaintercept1_betaslope1_dataset7.RDS
../data/assessing_models_simulation/datasets/multiple_GenerationCnorm_80_180_9_6_0_betaintercept1_betaslope1_dataset8.RDS
../data/assessing_models_simulation/datasets/multiple_GenerationCnorm_80_180_9_6_0_betaintercept1_betaslope1_dataset9.RDS
../data/assessing_models_simulation/datasets/multiple_GenerationCnorm_80_180_9_6_0_betaintercept1_betaslope1_dataset10.RDS
../data/assessing_models_simulation/datasets/multiple_GenerationCnorm_80_180_9_6_0_betaintercept1_betaslope1_dataset11.RDS
../data/assessing_models_simulation/datasets/multiple_GenerationCnorm_80_180_9_6_0_betaintercept1_betaslope1_dataset12.RDS
../data/assessing_models_simulation/datasets/multiple_GenerationCnorm_80_180_9_6_0_betaintercept1_betaslope1_dataset13.RDS
../data/assessing_models_simulation/datasets/multiple_GenerationCnorm_80_180_9_6_0_betaintercept1_betaslope1_dataset14.RDS
../data/assessing_models_simulation/datasets/multiple_GenerationCnorm_80_180_9_6_0_betaintercept1_betaslope1_dataset15.RDS
../data/assessing_models_simulation/datasets/multiple_GenerationCnorm_80_180_9_6_0_betaintercept1_betaslope1_dataset16.RDS
../data/assessing_models_simulation/datasets/multiple_GenerationCnorm_80_180_9_6_0_betaintercept1_betaslope1_dataset17.RDS
../data/assessing_models_simulation/datasets/multiple_GenerationCnorm_80_180_9_6_0_betaintercept1_betaslope1_dataset18.RDS
../data/assessing_models_simulation/datasets/multiple_GenerationCnorm_80_180_9_6_0_betaintercept1_betaslope1_dataset19.RDS
../data/assessing_models_simulation/datasets/multiple_GenerationCnorm_80_180_9_6_0_betaintercept1_betaslope1_dataset20.RDS
../data/assessing_models_simulation/datasets/multiple_GenerationCnorm_80_180_9_6_0_betaintercept1_betaslope1_dataset21.RDS
../data/assessing_models_simulation/datasets/multiple_GenerationCnorm_80_180_9_6_0_betaintercept1_betaslope1_dataset22.RDS
../data/assessing_models_simulation/datasets/multiple_GenerationCnorm_80_180_9_6_0_betaintercept1_betaslope1_dataset23.RDS
../data/assessing_models_simulation/datasets/multiple_GenerationCnorm_80_180_9_6_0_betaintercept1_betaslope1_dataset24.RDS
../data/assessing_models_simulation/datasets/multiple_GenerationCnorm_80_180_9_6_0_betaintercept1_betaslope1_dataset25.RDS
../data/assessing_models_simulation/datasets/multiple_GenerationCnorm_80_180_9_6_0_betaintercept1_betaslope1_dataset26.RDS
../data/assessing_models_simulation/datasets/multiple_GenerationCnorm_80_180_9_6_0_betaintercept1_betaslope1_dataset27.RDS
../data/assessing_models_simulation/datasets/multiple_GenerationCnorm_80_180_9_6_0_betaintercept1_betaslope1_dataset28.RDS
../data/assessing_models_simulation/datasets/multiple_GenerationCnorm_80_180_9_6_0_betaintercept1_betaslope1_dataset29.RDS
../data/assessing_models_simulation/datasets/multiple_GenerationCnorm_80_180_9_6_0_betaintercept1_betaslope1_dataset30.RDS
../data/assessing_models_simulation/datasets/multiple_GenerationCnorm_80_180_9_6_0_betaintercept1_betaslope1_dataset31.RDS
../data/assessing_models_simulation/datasets/multiple_GenerationCnorm_80_180_9_6_0_betaintercept1_betaslope1_dataset32.RDS
../data/assessing_models_simulation/datasets/multiple_GenerationCnorm_80_180_9_6_0_betaintercept1_betaslope1_dataset33.RDS
../data/assessing_models_simulation/datasets/multiple_GenerationCnorm_80_180_9_6_0_betaintercept1_betaslope1_dataset34.RDS
../data/assessing_models_simulation/datasets/multiple_GenerationCnorm_80_180_9_6_0_betaintercept1_betaslope1_dataset35.RDS
../data/assessing_models_simulation/datasets/multiple_GenerationCnorm_80_180_9_6_0_betaintercept1_betaslope1_dataset36.RDS
../data/assessing_models_simulation/datasets/multiple_GenerationCnorm_80_180_9_6_0_betaintercept1_betaslope1_dataset37.RDS
../data/assessing_models_simulation/datasets/multiple_GenerationCnorm_80_180_9_6_0_betaintercept1_betaslope1_dataset38.RDS
../data/assessing_models_simulation/datasets/multiple_GenerationCnorm_80_180_9_6_0_betaintercept1_betaslope1_dataset39.RDS
../data/assessing_models_simulation/datasets/multiple_GenerationCnorm_80_180_9_6_0_betaintercept1_betaslope1_dataset40.RDS
../data/assessing_models_simulation/datasets/multiple_GenerationCnorm_80_180_9_6_0_betaintercept1_betaslope1_dataset41.RDS
../data/assessing_models_simulation/datasets/multiple_GenerationCnorm_80_180_9_6_0_betaintercept1_betaslope1_dataset42.RDS
../data/assessing_models_simulation/datasets/multiple_GenerationCnorm_80_180_9_6_0_betaintercept1_betaslope1_dataset43.RDS
../data/assessing_models_simulation/datasets/multiple_GenerationCnorm_80_180_9_6_0_betaintercept1_betaslope1_dataset44.RDS
../data/assessing_models_simulation/datasets/multiple_GenerationCnorm_80_180_9_6_0_betaintercept1_betaslope1_dataset45.RDS
../data/assessing_models_simulation/datasets/multiple_GenerationCnorm_80_180_9_6_0_betaintercept1_betaslope1_dataset46.RDS
../data/assessing_models_simulation/datasets/multiple_GenerationCnorm_80_180_9_6_0_betaintercept1_betaslope1_dataset47.RDS
../data/assessing_models_simulation/datasets/multiple_GenerationCnorm_80_180_9_6_0_betaintercept1_betaslope1_dataset48.RDS
../data/assessing_models_simulation/datasets/multiple_GenerationCnorm_80_180_9_6_0_betaintercept1_betaslope1_dataset49.RDS
../data/assessing_models_simulation/datasets/multiple_GenerationCnorm_80_180_9_6_0_betaintercept1_betaslope1_dataset50.RDS
../data/assessing_models_simulation/datasets/multiple_GenerationCnorm_80_180_9_6_0_betaintercept1_betaslope1_dataset51.RDS
../data/assessing_models_simulation/datasets/multiple_GenerationCnorm_80_180_9_6_0_betaintercept1_betaslope1_dataset52.RDS
../data/assessing_models_simulation/datasets/multiple_GenerationCnorm_80_180_9_6_0_betaintercept1_betaslope1_dataset53.RDS
../data/assessing_models_simulation/datasets/multiple_GenerationCnorm_80_180_9_6_0_betaintercept1_betaslope1_dataset54.RDS
../data/assessing_models_simulation/datasets/multiple_GenerationCnorm_80_180_9_6_0_betaintercept1_betaslope1_dataset55.RDS
../data/assessing_models_simulation/datasets/multiple_GenerationCnorm_80_180_9_6_0_betaintercept1_betaslope1_dataset56.RDS
../data/assessing_models_simulation/datasets/multiple_GenerationCnorm_80_180_9_6_0_betaintercept1_betaslope1_dataset57.RDS
../data/assessing_models_simulation/datasets/multiple_GenerationCnorm_80_180_9_6_0_betaintercept1_betaslope1_dataset58.RDS
../data/assessing_models_simulation/datasets/multiple_GenerationCnorm_80_180_9_6_0_betaintercept1_betaslope1_dataset59.RDS
../data/assessing_models_simulation/datasets/multiple_GenerationCnorm_80_180_9_6_0_betaintercept1_betaslope1_dataset60.RDS
../data/assessing_models_simulation/datasets/multiple_GenerationCnorm_80_180_9_6_0_betaintercept1_betaslope1_dataset61.RDS
../data/assessing_models_simulation/datasets/multiple_GenerationCnorm_80_180_9_6_0_betaintercept1_betaslope1_dataset62.RDS
../data/assessing_models_simulation/datasets/multiple_GenerationCnorm_80_180_9_6_0_betaintercept1_betaslope1_dataset63.RDS
../data/assessing_models_simulation/datasets/multiple_GenerationCnorm_80_180_9_6_0_betaintercept1_betaslope1_dataset64.RDS
../data/assessing_models_simulation/datasets/multiple_GenerationCnorm_80_180_9_6_0_betaintercept1_betaslope1_dataset65.RDS
../data/assessing_models_simulation/datasets/multiple_GenerationCnorm_80_180_9_6_0_betaintercept1_betaslope1_dataset66.RDS
../data/assessing_models_simulation/datasets/multiple_GenerationCnorm_80_180_9_6_0_betaintercept1_betaslope1_dataset67.RDS
../data/assessing_models_simulation/datasets/multiple_GenerationCnorm_80_180_9_6_0_betaintercept1_betaslope1_dataset68.RDS
../data/assessing_models_simulation/datasets/multiple_GenerationCnorm_80_180_9_6_0_betaintercept1_betaslope1_dataset69.RDS
../data/assessing_models_simulation/datasets/multiple_GenerationCnorm_80_180_9_6_0_betaintercept1_betaslope1_dataset70.RDS
../data/assessing_models_simulation/datasets/multiple_GenerationCnorm_80_180_9_6_0_betaintercept1_betaslope1_dataset71.RDS
../data/assessing_models_simulation/datasets/multiple_GenerationCnorm_80_180_9_6_0_betaintercept1_betaslope1_dataset72.RDS
../data/assessing_models_simulation/datasets/multiple_GenerationCnorm_80_180_9_6_0_betaintercept1_betaslope1_dataset73.RDS
../data/assessing_models_simulation/datasets/multiple_GenerationCnorm_80_180_9_6_0_betaintercept1_betaslope1_dataset74.RDS
../data/assessing_models_simulation/datasets/multiple_GenerationCnorm_80_180_9_6_0_betaintercept1_betaslope1_dataset75.RDS
../data/assessing_models_simulation/datasets/multiple_GenerationCnorm_80_180_9_6_0_betaintercept1_betaslope1_dataset76.RDS
../data/assessing_models_simulation/datasets/multiple_GenerationCnorm_80_180_9_6_0_betaintercept1_betaslope1_dataset77.RDS
../data/assessing_models_simulation/datasets/multiple_GenerationCnorm_80_180_9_6_0_betaintercept1_betaslope1_dataset78.RDS
../data/assessing_models_simulation/datasets/multiple_GenerationCnorm_80_180_9_6_0_betaintercept1_betaslope1_dataset79.RDS
../data/assessing_models_simulation/datasets/multiple_GenerationCnorm_80_180_9_6_0_betaintercept1_betaslope1_dataset80.RDS
../data/assessing_models_simulation/datasets/multiple_GenerationCnorm_80_180_9_6_0_betaintercept1_betaslope1_dataset81.RDS
../data/assessing_models_simulation/datasets/multiple_GenerationCnorm_80_180_9_6_0_betaintercept1_betaslope1_dataset82.RDS
../data/assessing_models_simulation/datasets/multiple_GenerationCnorm_80_180_9_6_0_betaintercept1_betaslope1_dataset83.RDS
../data/assessing_models_simulation/datasets/multiple_GenerationCnorm_80_180_9_6_0_betaintercept1_betaslope1_dataset84.RDS
../data/assessing_models_simulation/datasets/multiple_GenerationCnorm_80_180_9_6_0_betaintercept1_betaslope1_dataset85.RDS
../data/assessing_models_simulation/datasets/multiple_GenerationCnorm_80_180_9_6_0_betaintercept1_betaslope1_dataset86.RDS
../data/assessing_models_simulation/datasets/multiple_GenerationCnorm_80_180_9_6_0_betaintercept1_betaslope1_dataset87.RDS
../data/assessing_models_simulation/datasets/multiple_GenerationCnorm_80_180_9_6_0_betaintercept1_betaslope1_dataset88.RDS
../data/assessing_models_simulation/datasets/multiple_GenerationCnorm_80_180_9_6_0_betaintercept1_betaslope1_dataset89.RDS
../data/assessing_models_simulation/datasets/multiple_GenerationCnorm_80_180_9_6_0_betaintercept1_betaslope1_dataset90.RDS
../data/assessing_models_simulation/datasets/multiple_GenerationCnorm_80_180_9_6_0_betaintercept1_betaslope1_dataset91.RDS
../data/assessing_models_simulation/datasets/multiple_GenerationCnorm_80_180_9_6_0_betaintercept1_betaslope1_dataset92.RDS
../data/assessing_models_simulation/datasets/multiple_GenerationCnorm_80_180_9_6_0_betaintercept1_betaslope1_dataset93.RDS
../data/assessing_models_simulation/datasets/multiple_GenerationCnorm_80_180_9_6_0_betaintercept1_betaslope1_dataset94.RDS
../data/assessing_models_simulation/datasets/multiple_GenerationCnorm_80_180_9_6_0_betaintercept1_betaslope1_dataset95.RDS
../data/assessing_models_simulation/datasets/multiple_GenerationCnorm_80_180_9_6_0_betaintercept1_betaslope1_dataset96.RDS
../data/assessing_models_simulation/datasets/multiple_GenerationCnorm_80_180_9_6_0_betaintercept1_betaslope1_dataset97.RDS
../data/assessing_models_simulation/datasets/multiple_GenerationCnorm_80_180_9_6_0_betaintercept1_betaslope1_dataset98.RDS
../data/assessing_models_simulation/datasets/multiple_GenerationCnorm_80_180_9_6_0_betaintercept1_betaslope1_dataset99.RDS
../data/assessing_models_simulation/GenerationCnorm
../data/assessing_models_simulation/GenerationCnorm
../data/assessing_models_simulation/GenerationCnorm
../data/assessing_models_simulation/GenerationCnorm
../data/assessing_models_simulation/GenerationCnorm
../data/assessing_models_simulation/GenerationCnorm
../data/assessing_models_simulation/GenerationCnorm
../data/assessing_models_simulation/GenerationCnorm
../data/assessing_models_simulation/GenerationCnorm
../data/assessing_models_simulation/GenerationCnorm
../data/assessing_models_simulation/GenerationCnorm
../data/assessing_models_simulation/GenerationCnorm
../data/assessing_models_simulation/GenerationCnorm
../data/assessing_models_simulation/GenerationCnorm
../data/assessing_models_simulation/GenerationCnorm
../data/assessing_models_simulation/GenerationCnorm
../data/assessing_models_simulation/GenerationCnorm
../data/assessing_models_simulation/GenerationCnorm
../data/assessing_models_simulation/GenerationCnorm
../data/assessing_models_simulation/GenerationCnorm
../data/assessing_models_simulation/GenerationCnorm
../data/assessing_models_simulation/GenerationCnorm
../data/assessing_models_simulation/GenerationCnorm
../data/assessing_models_simulation/GenerationCnorm
../data/assessing_models_simulation/GenerationCnorm
../data/assessing_models_simulation/GenerationCnorm
../data/assessing_models_simulation/GenerationCnorm
../data/assessing_models_simulation/GenerationCnorm
../data/assessing_models_simulation/GenerationCnorm
../data/assessing_models_simulation/GenerationCnorm
../data/assessing_models_simulation/GenerationCnorm
../data/assessing_models_simulation/GenerationCnorm
../data/assessing_models_simulation/GenerationCnorm
../data/assessing_models_simulation/GenerationCnorm
../data/assessing_models_simulation/GenerationCnorm
../data/assessing_models_simulation/GenerationCnorm
../data/assessing_models_simulation/GenerationCnorm
../data/assessing_models_simulation/GenerationCnorm
../data/assessing_models_simulation/GenerationCnorm
../data/assessing_models_simulation/GenerationCnorm
../data/assessing_models_simulation/GenerationCnorm
../data/assessing_models_simulation/GenerationCnorm
../data/assessing_models_simulation/GenerationCnorm
../data/assessing_models_simulation/GenerationCnorm
../data/assessing_models_simulation/GenerationCnorm
../data/assessing_models_simulation/GenerationCnorm
../data/assessing_models_simulation/GenerationCnorm
../data/assessing_models_simulation/GenerationCnorm
../data/assessing_models_simulation/GenerationCnorm
../data/assessing_models_simulation/GenerationCnorm
../data/assessing_models_simulation/GenerationCnorm
../data/assessing_models_simulation/GenerationCnorm
../data/assessing_models_simulation/GenerationCnorm
../data/assessing_models_simulation/GenerationCnorm
../data/assessing_models_simulation/GenerationCnorm
../data/assessing_models_simulation/GenerationCnorm
../data/assessing_models_simulation/GenerationCnorm
../data/assessing_models_simulation/GenerationCnorm
../data/assessing_models_simulation/GenerationCnorm
../data/assessing_models_simulation/GenerationCnorm
../data/assessing_models_simulation/GenerationCnorm
../data/assessing_models_simulation/GenerationCnorm
../data/assessing_models_simulation/GenerationCnorm
../data/assessing_models_simulation/GenerationCnorm
../data/assessing_models_simulation/GenerationCnorm
../data/assessing_models_simulation/GenerationCnorm
../data/assessing_models_simulation/GenerationCnorm
../data/assessing_models_simulation/GenerationCnorm
../data/assessing_models_simulation/GenerationCnorm
../data/assessing_models_simulation/GenerationCnorm
../data/assessing_models_simulation/GenerationCnorm
../data/assessing_models_simulation/GenerationCnorm
../data/assessing_models_simulation/GenerationCnorm
../data/assessing_models_simulation/GenerationCnorm
../data/assessing_models_simulation/GenerationCnorm
../data/assessing_models_simulation/GenerationCnorm
../data/assessing_models_simulation/GenerationCnorm
../data/assessing_models_simulation/GenerationCnorm
../data/assessing_models_simulation/GenerationCnorm
../data/assessing_models_simulation/GenerationCnorm
../data/assessing_models_simulation/GenerationCnorm
../data/assessing_models_simulation/GenerationCnorm
../data/assessing_models_simulation/GenerationCnorm
../data/assessing_models_simulation/GenerationCnorm
../data/assessing_models_simulation/GenerationCnorm
../data/assessing_models_simulation/GenerationCnorm
../data/assessing_models_simulation/GenerationCnorm
../data/assessing_models_simulation/GenerationCnorm
../data/assessing_models_simulation/GenerationCnorm
../data/assessing_models_simulation/GenerationCnorm
../data/assessing_models_simulation/GenerationCnorm
../data/assessing_models_simulation/GenerationCnorm
../data/assessing_models_simulation/GenerationCnorm
../data/assessing_models_simulation/GenerationCnorm
../data/assessing_models_simulation/GenerationCnorm
../data/assessing_models_simulation/GenerationCnorm
../data/assessing_models_simulation/GenerationCnorm
../data/assessing_models_simulation/GenerationCnorm
../data/assessing_models_simulation/GenerationCnorm
../data/assessing_models_simulation/GenerationCnorm
