../data/assessing_models_simulation/summaries_synthetic_DA/GenerationK.RDS
../data/assessing_models_simulation/summaries_synthetic_DA/GenerationJnormTwoLambdas.RDS
../data/assessing_models_simulation/summaries_synthetic_DA/GenerationInoREtwolambdas.RDS
../data/assessing_models_simulation/summaries_synthetic_DA/generationHnormtwolambdas.RDS
